
Microsoft Visual Studio Solution File, Format Version 12.00
# Visual Studio Version 17
VisualStudioVersion = 17.6.33723.286
MinimumVisualStudioVersion = 10.0.40219.1
Project("{8BC9CEB8-8B4A-11D0-8D11-00A0C91BC942}") = "28.09(3)", "28.09(3)\28.09(3).vcxproj", "{E06DD8A5-6BE4-4FE2-A080-947256EE7EF3}"
EndProject
Global
	GlobalSection(SolutionConfigurationPlatforms) = preSolution
		Debug|x64 = Debug|x64
		Debug|x86 = Debug|x86
		Release|x64 = Release|x64
		Release|x86 = Release|x86
	EndGlobalSection
	GlobalSection(ProjectConfigurationPlatforms) = postSolution
		{E06DD8A5-6BE4-4FE2-A080-947256EE7EF3}.Debug|x64.ActiveCfg = Debug|x64
		{E06DD8A5-6BE4-4FE2-A080-947256EE7EF3}.Debug|x64.Build.0 = Debug|x64
		{E06DD8A5-6BE4-4FE2-A080-947256EE7EF3}.Debug|x86.ActiveCfg = Debug|Win32
		{E06DD8A5-6BE4-4FE2-A080-947256EE7EF3}.Debug|x86.Build.0 = Debug|Win32
		{E06DD8A5-6BE4-4FE2-A080-947256EE7EF3}.Release|x64.ActiveCfg = Release|x64
		{E06DD8A5-6BE4-4FE2-A080-947256EE7EF3}.Release|x64.Build.0 = Release|x64
		{E06DD8A5-6BE4-4FE2-A080-947256EE7EF3}.Release|x86.ActiveCfg = Release|Win32
		{E06DD8A5-6BE4-4FE2-A080-947256EE7EF3}.Release|x86.Build.0 = Release|Win32
	EndGlobalSection
	GlobalSection(SolutionProperties) = preSolution
		HideSolutionNode = FALSE
	EndGlobalSection
	GlobalSection(ExtensibilityGlobals) = postSolution
		SolutionGuid = {F0966EF6-2E92-4D0A-8A5E-DDCC34E521EA}
	EndGlobalSection
EndGlobal
